// !$*UTF8*$!
{
	archiveVersion = 1;
	classes = {
	};
	objectVersion = 56;
	objects = {

/* Begin PBXBuildFile section */
		389E99582BCEA92B000309B8 /* HPDemoApp.swift in Sources */ = {isa = PBXBuildFile; fileRef = 389E99572BCEA92B000309B8 /* HPDemoApp.swift */; };
		389E995A2BCEA92B000309B8 /* ContentView.swift in Sources */ = {isa = PBXBuildFile; fileRef = 389E99592BCEA92B000309B8 /* ContentView.swift */; };
		389E995C2BCEA92C000309B8 /* Assets.xcassets in Resources */ = {isa = PBXBuildFile; fileRef = 389E995B2BCEA92C000309B8 /* Assets.xcassets */; };
		389E99602BCEA92C000309B8 /* Preview Assets.xcassets in Resources */ = {isa = PBXBuildFile; fileRef = 389E995F2BCEA92C000309B8 /* Preview Assets.xcassets */; };
		389E996A2BCEA92C000309B8 /* HPDemoTests.swift in Sources */ = {isa = PBXBuildFile; fileRef = 389E99692BCEA92C000309B8 /* HPDemoTests.swift */; };
		389E99742BCEA92C000309B8 /* HPDemoUITests.swift in Sources */ = {isa = PBXBuildFile; fileRef = 389E99732BCEA92C000309B8 /* HPDemoUITests.swift */; };
		389E99762BCEA92C000309B8 /* HPDemoUITestsLaunchTests.swift in Sources */ = {isa = PBXBuildFile; fileRef = 389E99752BCEA92C000309B8 /* HPDemoUITestsLaunchTests.swift */; };
		389E99832BCEAA65000309B8 /* BLEManager.swift in Sources */ = {isa = PBXBuildFile; fileRef = 389E99822BCEAA65000309B8 /* BLEManager.swift */; };
		389E99872BCEB01B000309B8 /* Container.swift in Sources */ = {isa = PBXBuildFile; fileRef = 389E99862BCEB01B000309B8 /* Container.swift */; };
		389E998A2BCEB0FC000309B8 /* Factory in Frameworks */ = {isa = PBXBuildFile; productRef = 389E99892BCEB0FC000309B8 /* Factory */; };
		389E998D2BCEB202000309B8 /* HomeView.swift in Sources */ = {isa = PBXBuildFile; fileRef = 389E998C2BCEB202000309B8 /* HomeView.swift */; };
		389E99902BCEB5F3000309B8 /* HomeViewModel.swift in Sources */ = {isa = PBXBuildFile; fileRef = 389E998F2BCEB5F3000309B8 /* HomeViewModel.swift */; };
		389E99932BCEC52F000309B8 /* BGM220P.swift in Sources */ = {isa = PBXBuildFile; fileRef = 389E99922BCEC52F000309B8 /* BGM220P.swift */; };
		389E99952BCF2127000309B8 /* BGM220PGatt.swift in Sources */ = {isa = PBXBuildFile; fileRef = 389E99942BCF2127000309B8 /* BGM220PGatt.swift */; };
		389E99982BD00EDE000309B8 /* CBUUID+Extension.swift in Sources */ = {isa = PBXBuildFile; fileRef = 389E99972BD00EDE000309B8 /* CBUUID+Extension.swift */; };
/* End PBXBuildFile section */

/* Begin PBXContainerItemProxy section */
		389E99662BCEA92C000309B8 /* PBXContainerItemProxy */ = {
			isa = PBXContainerItemProxy;
			containerPortal = 389E994C2BCEA92A000309B8 /* Project object */;
			proxyType = 1;
			remoteGlobalIDString = 389E99532BCEA92B000309B8;
			remoteInfo = HPDemo;
		};
		389E99702BCEA92C000309B8 /* PBXContainerItemProxy */ = {
			isa = PBXContainerItemProxy;
			containerPortal = 389E994C2BCEA92A000309B8 /* Project object */;
			proxyType = 1;
			remoteGlobalIDString = 389E99532BCEA92B000309B8;
			remoteInfo = HPDemo;
		};
/* End PBXContainerItemProxy section */

/* Begin PBXFileReference section */
		386FEE7B2BD9823B006E0738 /* Info.plist */ = {isa = PBXFileReference; lastKnownFileType = text.plist; path = Info.plist; sourceTree = "<group>"; };
		389E99542BCEA92B000309B8 /* HPDemo.app */ = {isa = PBXFileReference; explicitFileType = wrapper.application; includeInIndex = 0; path = HPDemo.app; sourceTree = BUILT_PRODUCTS_DIR; };
		389E99572BCEA92B000309B8 /* HPDemoApp.swift */ = {isa = PBXFileReference; lastKnownFileType = sourcecode.swift; path = HPDemoApp.swift; sourceTree = "<group>"; };
		389E99592BCEA92B000309B8 /* ContentView.swift */ = {isa = PBXFileReference; lastKnownFileType = sourcecode.swift; path = ContentView.swift; sourceTree = "<group>"; };
		389E995B2BCEA92C000309B8 /* Assets.xcassets */ = {isa = PBXFileReference; lastKnownFileType = folder.assetcatalog; path = Assets.xcassets; sourceTree = "<group>"; };
		389E995D2BCEA92C000309B8 /* HPDemo.entitlements */ = {isa = PBXFileReference; lastKnownFileType = text.plist.entitlements; path = HPDemo.entitlements; sourceTree = "<group>"; };
		389E995F2BCEA92C000309B8 /* Preview Assets.xcassets */ = {isa = PBXFileReference; lastKnownFileType = folder.assetcatalog; path = "Preview Assets.xcassets"; sourceTree = "<group>"; };
		389E99652BCEA92C000309B8 /* HPDemoTests.xctest */ = {isa = PBXFileReference; explicitFileType = wrapper.cfbundle; includeInIndex = 0; path = HPDemoTests.xctest; sourceTree = BUILT_PRODUCTS_DIR; };
		389E99692BCEA92C000309B8 /* HPDemoTests.swift */ = {isa = PBXFileReference; lastKnownFileType = sourcecode.swift; path = HPDemoTests.swift; sourceTree = "<group>"; };
		389E996F2BCEA92C000309B8 /* HPDemoUITests.xctest */ = {isa = PBXFileReference; explicitFileType = wrapper.cfbundle; includeInIndex = 0; path = HPDemoUITests.xctest; sourceTree = BUILT_PRODUCTS_DIR; };
		389E99732BCEA92C000309B8 /* HPDemoUITests.swift */ = {isa = PBXFileReference; lastKnownFileType = sourcecode.swift; path = HPDemoUITests.swift; sourceTree = "<group>"; };
		389E99752BCEA92C000309B8 /* HPDemoUITestsLaunchTests.swift */ = {isa = PBXFileReference; lastKnownFileType = sourcecode.swift; path = HPDemoUITestsLaunchTests.swift; sourceTree = "<group>"; };
		389E99822BCEAA65000309B8 /* BLEManager.swift */ = {isa = PBXFileReference; lastKnownFileType = sourcecode.swift; path = BLEManager.swift; sourceTree = "<group>"; };
		389E99862BCEB01B000309B8 /* Container.swift */ = {isa = PBXFileReference; lastKnownFileType = sourcecode.swift; path = Container.swift; sourceTree = "<group>"; };
		389E998C2BCEB202000309B8 /* HomeView.swift */ = {isa = PBXFileReference; lastKnownFileType = sourcecode.swift; path = HomeView.swift; sourceTree = "<group>"; };
		389E998F2BCEB5F3000309B8 /* HomeViewModel.swift */ = {isa = PBXFileReference; lastKnownFileType = sourcecode.swift; path = HomeViewModel.swift; sourceTree = "<group>"; };
		389E99922BCEC52F000309B8 /* BGM220P.swift */ = {isa = PBXFileReference; lastKnownFileType = sourcecode.swift; path = BGM220P.swift; sourceTree = "<group>"; };
		389E99942BCF2127000309B8 /* BGM220PGatt.swift */ = {isa = PBXFileReference; lastKnownFileType = sourcecode.swift; path = BGM220PGatt.swift; sourceTree = "<group>"; };
		389E99972BD00EDE000309B8 /* CBUUID+Extension.swift */ = {isa = PBXFileReference; lastKnownFileType = sourcecode.swift; path = "CBUUID+Extension.swift"; sourceTree = "<group>"; };
/* End PBXFileReference section */

/* Begin PBXFrameworksBuildPhase section */
		389E99512BCEA92B000309B8 /* Frameworks */ = {
			isa = PBXFrameworksBuildPhase;
			buildActionMask = 2147483647;
			files = (
				389E998A2BCEB0FC000309B8 /* Factory in Frameworks */,
			);
			runOnlyForDeploymentPostprocessing = 0;
		};
		389E99622BCEA92C000309B8 /* Frameworks */ = {
			isa = PBXFrameworksBuildPhase;
			buildActionMask = 2147483647;
			files = (
			);
			runOnlyForDeploymentPostprocessing = 0;
		};
		389E996C2BCEA92C000309B8 /* Frameworks */ = {
			isa = PBXFrameworksBuildPhase;
			buildActionMask = 2147483647;
			files = (
			);
			runOnlyForDeploymentPostprocessing = 0;
		};
/* End PBXFrameworksBuildPhase section */

/* Begin PBXGroup section */
		389E994B2BCEA92A000309B8 = {
			isa = PBXGroup;
			children = (
				389E99562BCEA92B000309B8 /* HPDemo */,
				389E99682BCEA92C000309B8 /* HPDemoTests */,
				389E99722BCEA92C000309B8 /* HPDemoUITests */,
				389E99552BCEA92B000309B8 /* Products */,
				389E99882BCEB0FC000309B8 /* Frameworks */,
			);
			sourceTree = "<group>";
		};
		389E99552BCEA92B000309B8 /* Products */ = {
			isa = PBXGroup;
			children = (
				389E99542BCEA92B000309B8 /* HPDemo.app */,
				389E99652BCEA92C000309B8 /* HPDemoTests.xctest */,
				389E996F2BCEA92C000309B8 /* HPDemoUITests.xctest */,
			);
			name = Products;
			sourceTree = "<group>";
		};
		389E99562BCEA92B000309B8 /* HPDemo */ = {
			isa = PBXGroup;
			children = (
				386FEE7B2BD9823B006E0738 /* Info.plist */,
				389E99962BD00EB6000309B8 /* Extension */,
				389E99912BCEC511000309B8 /* Model */,
				389E998E2BCEB307000309B8 /* ViewModel */,
				389E998B2BCEB1AA000309B8 /* View */,
				389E99852BCEB008000309B8 /* Factory */,
				389E99822BCEAA65000309B8 /* BLEManager.swift */,
				389E99572BCEA92B000309B8 /* HPDemoApp.swift */,
				389E995B2BCEA92C000309B8 /* Assets.xcassets */,
				389E995D2BCEA92C000309B8 /* HPDemo.entitlements */,
				389E995E2BCEA92C000309B8 /* Preview Content */,
			);
			path = HPDemo;
			sourceTree = "<group>";
		};
		389E995E2BCEA92C000309B8 /* Preview Content */ = {
			isa = PBXGroup;
			children = (
				389E995F2BCEA92C000309B8 /* Preview Assets.xcassets */,
			);
			path = "Preview Content";
			sourceTree = "<group>";
		};
		389E99682BCEA92C000309B8 /* HPDemoTests */ = {
			isa = PBXGroup;
			children = (
				389E99692BCEA92C000309B8 /* HPDemoTests.swift */,
			);
			path = HPDemoTests;
			sourceTree = "<group>";
		};
		389E99722BCEA92C000309B8 /* HPDemoUITests */ = {
			isa = PBXGroup;
			children = (
				389E99732BCEA92C000309B8 /* HPDemoUITests.swift */,
				389E99752BCEA92C000309B8 /* HPDemoUITestsLaunchTests.swift */,
			);
			path = HPDemoUITests;
			sourceTree = "<group>";
		};
		389E99852BCEB008000309B8 /* Factory */ = {
			isa = PBXGroup;
			children = (
				389E99862BCEB01B000309B8 /* Container.swift */,
			);
			path = Factory;
			sourceTree = "<group>";
		};
		389E99882BCEB0FC000309B8 /* Frameworks */ = {
			isa = PBXGroup;
			children = (
			);
			name = Frameworks;
			sourceTree = "<group>";
		};
		389E998B2BCEB1AA000309B8 /* View */ = {
			isa = PBXGroup;
			children = (
				389E99592BCEA92B000309B8 /* ContentView.swift */,
				389E998C2BCEB202000309B8 /* HomeView.swift */,
			);
			path = View;
			sourceTree = "<group>";
		};
		389E998E2BCEB307000309B8 /* ViewModel */ = {
			isa = PBXGroup;
			children = (
				389E998F2BCEB5F3000309B8 /* HomeViewModel.swift */,
			);
			path = ViewModel;
			sourceTree = "<group>";
		};
		389E99912BCEC511000309B8 /* Model */ = {
			isa = PBXGroup;
			children = (
				389E99922BCEC52F000309B8 /* BGM220P.swift */,
				389E99942BCF2127000309B8 /* BGM220PGatt.swift */,
			);
			path = Model;
			sourceTree = "<group>";
		};
		389E99962BD00EB6000309B8 /* Extension */ = {
			isa = PBXGroup;
			children = (
				389E99972BD00EDE000309B8 /* CBUUID+Extension.swift */,
			);
			path = Extension;
			sourceTree = "<group>";
		};
/* End PBXGroup section */

/* Begin PBXNativeTarget section */
		389E99532BCEA92B000309B8 /* HPDemo */ = {
			isa = PBXNativeTarget;
			buildConfigurationList = 389E99792BCEA92C000309B8 /* Build configuration list for PBXNativeTarget "HPDemo" */;
			buildPhases = (
				389E99502BCEA92B000309B8 /* Sources */,
				389E99512BCEA92B000309B8 /* Frameworks */,
				389E99522BCEA92B000309B8 /* Resources */,
			);
			buildRules = (
			);
			dependencies = (
			);
			name = HPDemo;
			packageProductDependencies = (
				389E99892BCEB0FC000309B8 /* Factory */,
			);
			productName = HPDemo;
			productReference = 389E99542BCEA92B000309B8 /* HPDemo.app */;
			productType = "com.apple.product-type.application";
		};
		389E99642BCEA92C000309B8 /* HPDemoTests */ = {
			isa = PBXNativeTarget;
			buildConfigurationList = 389E997C2BCEA92C000309B8 /* Build configuration list for PBXNativeTarget "HPDemoTests" */;
			buildPhases = (
				389E99612BCEA92C000309B8 /* Sources */,
				389E99622BCEA92C000309B8 /* Frameworks */,
				389E99632BCEA92C000309B8 /* Resources */,
			);
			buildRules = (
			);
			dependencies = (
				389E99672BCEA92C000309B8 /* PBXTargetDependency */,
			);
			name = HPDemoTests;
			productName = HPDemoTests;
			productReference = 389E99652BCEA92C000309B8 /* HPDemoTests.xctest */;
			productType = "com.apple.product-type.bundle.unit-test";
		};
		389E996E2BCEA92C000309B8 /* HPDemoUITests */ = {
			isa = PBXNativeTarget;
			buildConfigurationList = 389E997F2BCEA92C000309B8 /* Build configuration list for PBXNativeTarget "HPDemoUITests" */;
			buildPhases = (
				389E996B2BCEA92C000309B8 /* Sources */,
				389E996C2BCEA92C000309B8 /* Frameworks */,
				389E996D2BCEA92C000309B8 /* Resources */,
			);
			buildRules = (
			);
			dependencies = (
				389E99712BCEA92C000309B8 /* PBXTargetDependency */,
			);
			name = HPDemoUITests;
			productName = HPDemoUITests;
			productReference = 389E996F2BCEA92C000309B8 /* HPDemoUITests.xctest */;
			productType = "com.apple.product-type.bundle.ui-testing";
		};
/* End PBXNativeTarget section */

/* Begin PBXProject section */
		389E994C2BCEA92A000309B8 /* Project object */ = {
			isa = PBXProject;
			attributes = {
				BuildIndependentTargetsInParallel = 1;
				LastSwiftUpdateCheck = 1530;
				LastUpgradeCheck = 1530;
				TargetAttributes = {
					389E99532BCEA92B000309B8 = {
						CreatedOnToolsVersion = 15.3;
					};
					389E99642BCEA92C000309B8 = {
						CreatedOnToolsVersion = 15.3;
						TestTargetID = 389E99532BCEA92B000309B8;
					};
					389E996E2BCEA92C000309B8 = {
						CreatedOnToolsVersion = 15.3;
						TestTargetID = 389E99532BCEA92B000309B8;
					};
				};
			};
			buildConfigurationList = 389E994F2BCEA92A000309B8 /* Build configuration list for PBXProject "HPDemo" */;
			compatibilityVersion = "Xcode 14.0";
			developmentRegion = en;
			hasScannedForEncodings = 0;
			knownRegions = (
				en,
				Base,
			);
			mainGroup = 389E994B2BCEA92A000309B8;
			packageReferences = (
				389E99842BCEAFF4000309B8 /* XCRemoteSwiftPackageReference "Factory" */,
			);
			productRefGroup = 389E99552BCEA92B000309B8 /* Products */;
			projectDirPath = "";
			projectRoot = "";
			targets = (
				389E99532BCEA92B000309B8 /* HPDemo */,
				389E99642BCEA92C000309B8 /* HPDemoTests */,
				389E996E2BCEA92C000309B8 /* HPDemoUITests */,
			);
		};
/* End PBXProject section */

/* Begin PBXResourcesBuildPhase section */
		389E99522BCEA92B000309B8 /* Resources */ = {
			isa = PBXResourcesBuildPhase;
			buildActionMask = 2147483647;
			files = (
				389E99602BCEA92C000309B8 /* Preview Assets.xcassets in Resources */,
				389E995C2BCEA92C000309B8 /* Assets.xcassets in Resources */,
			);
			runOnlyForDeploymentPostprocessing = 0;
		};
		389E99632BCEA92C000309B8 /* Resources */ = {
			isa = PBXResourcesBuildPhase;
			buildActionMask = 2147483647;
			files = (
			);
			runOnlyForDeploymentPostprocessing = 0;
		};
		389E996D2BCEA92C000309B8 /* Resources */ = {
			isa = PBXResourcesBuildPhase;
			buildActionMask = 2147483647;
			files = (
			);
			runOnlyForDeploymentPostprocessing = 0;
		};
/* End PBXResourcesBuildPhase section */

/* Begin PBXSourcesBuildPhase section */
		389E99502BCEA92B000309B8 /* Sources */ = {
			isa = PBXSourcesBuildPhase;
			buildActionMask = 2147483647;
			files = (
				389E995A2BCEA92B000309B8 /* ContentView.swift in Sources */,
				389E99932BCEC52F000309B8 /* BGM220P.swift in Sources */,
				389E99902BCEB5F3000309B8 /* HomeViewModel.swift in Sources */,
				389E99872BCEB01B000309B8 /* Container.swift in Sources */,
				389E99832BCEAA65000309B8 /* BLEManager.swift in Sources */,
				389E998D2BCEB202000309B8 /* HomeView.swift in Sources */,
				389E99952BCF2127000309B8 /* BGM220PGatt.swift in Sources */,
				389E99982BD00EDE000309B8 /* CBUUID+Extension.swift in Sources */,
				389E99582BCEA92B000309B8 /* HPDemoApp.swift in Sources */,
			);
			runOnlyForDeploymentPostprocessing = 0;
		};
		389E99612BCEA92C000309B8 /* Sources */ = {
			isa = PBXSourcesBuildPhase;
			buildActionMask = 2147483647;
			files = (
				389E996A2BCEA92C000309B8 /* HPDemoTests.swift in Sources */,
			);
			runOnlyForDeploymentPostprocessing = 0;
		};
		389E996B2BCEA92C000309B8 /* Sources */ = {
			isa = PBXSourcesBuildPhase;
			buildActionMask = 2147483647;
			files = (
				389E99742BCEA92C000309B8 /* HPDemoUITests.swift in Sources */,
				389E99762BCEA92C000309B8 /* HPDemoUITestsLaunchTests.swift in Sources */,
			);
			runOnlyForDeploymentPostprocessing = 0;
		};
/* End PBXSourcesBuildPhase section */

/* Begin PBXTargetDependency section */
		389E99672BCEA92C000309B8 /* PBXTargetDependency */ = {
			isa = PBXTargetDependency;
			target = 389E99532BCEA92B000309B8 /* HPDemo */;
			targetProxy = 389E99662BCEA92C000309B8 /* PBXContainerItemProxy */;
		};
		389E99712BCEA92C000309B8 /* PBXTargetDependency */ = {
			isa = PBXTargetDependency;
			target = 389E99532BCEA92B000309B8 /* HPDemo */;
			targetProxy = 389E99702BCEA92C000309B8 /* PBXContainerItemProxy */;
		};
/* End PBXTargetDependency section */

/* Begin XCBuildConfiguration section */
		389E99772BCEA92C000309B8 /* Debug */ = {
			isa = XCBuildConfiguration;
			buildSettings = {
				ALWAYS_SEARCH_USER_PATHS = NO;
				ASSETCATALOG_COMPILER_GENERATE_SWIFT_ASSET_SYMBOL_EXTENSIONS = YES;
				CLANG_ANALYZER_NONNULL = YES;
				CLANG_ANALYZER_NUMBER_OBJECT_CONVERSION = YES_AGGRESSIVE;
				CLANG_CXX_LANGUAGE_STANDARD = "gnu++20";
				CLANG_ENABLE_MODULES = YES;
				CLANG_ENABLE_OBJC_ARC = YES;
				CLANG_ENABLE_OBJC_WEAK = YES;
				CLANG_WARN_BLOCK_CAPTURE_AUTORELEASING = YES;
				CLANG_WARN_BOOL_CONVERSION = YES;
				CLANG_WARN_COMMA = YES;
				CLANG_WARN_CONSTANT_CONVERSION = YES;
				CLANG_WARN_DEPRECATED_OBJC_IMPLEMENTATIONS = YES;
				CLANG_WARN_DIRECT_OBJC_ISA_USAGE = YES_ERROR;
				CLANG_WARN_DOCUMENTATION_COMMENTS = YES;
				CLANG_WARN_EMPTY_BODY = YES;
				CLANG_WARN_ENUM_CONVERSION = YES;
				CLANG_WARN_INFINITE_RECURSION = YES;
				CLANG_WARN_INT_CONVERSION = YES;
				CLANG_WARN_NON_LITERAL_NULL_CONVERSION = YES;
				CLANG_WARN_OBJC_IMPLICIT_RETAIN_SELF = YES;
				CLANG_WARN_OBJC_LITERAL_CONVERSION = YES;
				CLANG_WARN_OBJC_ROOT_CLASS = YES_ERROR;
				CLANG_WARN_QUOTED_INCLUDE_IN_FRAMEWORK_HEADER = YES;
				CLANG_WARN_RANGE_LOOP_ANALYSIS = YES;
				CLANG_WARN_STRICT_PROTOTYPES = YES;
				CLANG_WARN_SUSPICIOUS_MOVE = YES;
				CLANG_WARN_UNGUARDED_AVAILABILITY = YES_AGGRESSIVE;
				CLANG_WARN_UNREACHABLE_CODE = YES;
				CLANG_WARN__DUPLICATE_METHOD_MATCH = YES;
				COPY_PHASE_STRIP = NO;
				DEBUG_INFORMATION_FORMAT = dwarf;
				ENABLE_STRICT_OBJC_MSGSEND = YES;
				ENABLE_TESTABILITY = YES;
				ENABLE_USER_SCRIPT_SANDBOXING = YES;
				GCC_C_LANGUAGE_STANDARD = gnu17;
				GCC_DYNAMIC_NO_PIC = NO;
				GCC_NO_COMMON_BLOCKS = YES;
				GCC_OPTIMIZATION_LEVEL = 0;
				GCC_PREPROCESSOR_DEFINITIONS = (
					"DEBUG=1",
					"$(inherited)",
				);
				GCC_WARN_64_TO_32_BIT_CONVERSION = YES;
				GCC_WARN_ABOUT_RETURN_TYPE = YES_ERROR;
				GCC_WARN_UNDECLARED_SELECTOR = YES;
				GCC_WARN_UNINITIALIZED_AUTOS = YES_AGGRESSIVE;
				GCC_WARN_UNUSED_FUNCTION = YES;
				GCC_WARN_UNUSED_VARIABLE = YES;
				LOCALIZATION_PREFERS_STRING_CATALOGS = YES;
				MTL_ENABLE_DEBUG_INFO = INCLUDE_SOURCE;
				MTL_FAST_MATH = YES;
				ONLY_ACTIVE_ARCH = YES;
				SWIFT_ACTIVE_COMPILATION_CONDITIONS = "DEBUG $(inherited)";
				SWIFT_OPTIMIZATION_LEVEL = "-Onone";
			};
			name = Debug;
		};
		389E99782BCEA92C000309B8 /* Release */ = {
			isa = XCBuildConfiguration;
			buildSettings = {
				ALWAYS_SEARCH_USER_PATHS = NO;
				ASSETCATALOG_COMPILER_GENERATE_SWIFT_ASSET_SYMBOL_EXTENSIONS = YES;
				CLANG_ANALYZER_NONNULL = YES;
				CLANG_ANALYZER_NUMBER_OBJECT_CONVERSION = YES_AGGRESSIVE;
				CLANG_CXX_LANGUAGE_STANDARD = "gnu++20";
				CLANG_ENABLE_MODULES = YES;
				CLANG_ENABLE_OBJC_ARC = YES;
				CLANG_ENABLE_OBJC_WEAK = YES;
				CLANG_WARN_BLOCK_CAPTURE_AUTORELEASING = YES;
				CLANG_WARN_BOOL_CONVERSION = YES;
				CLANG_WARN_COMMA = YES;
				CLANG_WARN_CONSTANT_CONVERSION = YES;
				CLANG_WARN_DEPRECATED_OBJC_IMPLEMENTATIONS = YES;
				CLANG_WARN_DIRECT_OBJC_ISA_USAGE = YES_ERROR;
				CLANG_WARN_DOCUMENTATION_COMMENTS = YES;
				CLANG_WARN_EMPTY_BODY = YES;
				CLANG_WARN_ENUM_CONVERSION = YES;
				CLANG_WARN_INFINITE_RECURSION = YES;
				CLANG_WARN_INT_CONVERSION = YES;
				CLANG_WARN_NON_LITERAL_NULL_CONVERSION = YES;
				CLANG_WARN_OBJC_IMPLICIT_RETAIN_SELF = YES;
				CLANG_WARN_OBJC_LITERAL_CONVERSION = YES;
				CLANG_WARN_OBJC_ROOT_CLASS = YES_ERROR;
				CLANG_WARN_QUOTED_INCLUDE_IN_FRAMEWORK_HEADER = YES;
				CLANG_WARN_RANGE_LOOP_ANALYSIS = YES;
				CLANG_WARN_STRICT_PROTOTYPES = YES;
				CLANG_WARN_SUSPICIOUS_MOVE = YES;
				CLANG_WARN_UNGUARDED_AVAILABILITY = YES_AGGRESSIVE;
				CLANG_WARN_UNREACHABLE_CODE = YES;
				CLANG_WARN__DUPLICATE_METHOD_MATCH = YES;
				COPY_PHASE_STRIP = NO;
				DEBUG_INFORMATION_FORMAT = "dwarf-with-dsym";
				ENABLE_NS_ASSERTIONS = NO;
				ENABLE_STRICT_OBJC_MSGSEND = YES;
				ENABLE_USER_SCRIPT_SANDBOXING = YES;
				GCC_C_LANGUAGE_STANDARD = gnu17;
				GCC_NO_COMMON_BLOCKS = YES;
				GCC_WARN_64_TO_32_BIT_CONVERSION = YES;
				GCC_WARN_ABOUT_RETURN_TYPE = YES_ERROR;
				GCC_WARN_UNDECLARED_SELECTOR = YES;
				GCC_WARN_UNINITIALIZED_AUTOS = YES_AGGRESSIVE;
				GCC_WARN_UNUSED_FUNCTION = YES;
				GCC_WARN_UNUSED_VARIABLE = YES;
				LOCALIZATION_PREFERS_STRING_CATALOGS = YES;
				MTL_ENABLE_DEBUG_INFO = NO;
				MTL_FAST_MATH = YES;
				SWIFT_COMPILATION_MODE = wholemodule;
			};
			name = Release;
		};
		389E997A2BCEA92C000309B8 /* Debug */ = {
			isa = XCBuildConfiguration;
			buildSettings = {
				ASSETCATALOG_COMPILER_APPICON_NAME = AppIcon;
				ASSETCATALOG_COMPILER_GLOBAL_ACCENT_COLOR_NAME = AccentColor;
				CODE_SIGN_ENTITLEMENTS = HPDemo/HPDemo.entitlements;
				CODE_SIGN_STYLE = Automatic;
				CURRENT_PROJECT_VERSION = 1;
				DEVELOPMENT_ASSET_PATHS = "\"HPDemo/Preview Content\"";
				DEVELOPMENT_TEAM = 7NFJS9H6QK;
				ENABLE_HARDENED_RUNTIME = YES;
				ENABLE_PREVIEWS = YES;
				GENERATE_INFOPLIST_FILE = YES;
				INFOPLIST_FILE = HPDemo/Info.plist;
				INFOPLIST_KEY_NSBluetoothAlwaysUsageDescription = "Bluetooth will be used to scan for nearby BLE devices";
				"INFOPLIST_KEY_UIApplicationSceneManifest_Generation[sdk=iphoneos*]" = YES;
				"INFOPLIST_KEY_UIApplicationSceneManifest_Generation[sdk=iphonesimulator*]" = YES;
				"INFOPLIST_KEY_UIApplicationSupportsIndirectInputEvents[sdk=iphoneos*]" = YES;
				"INFOPLIST_KEY_UIApplicationSupportsIndirectInputEvents[sdk=iphonesimulator*]" = YES;
				"INFOPLIST_KEY_UILaunchScreen_Generation[sdk=iphoneos*]" = YES;
				"INFOPLIST_KEY_UILaunchScreen_Generation[sdk=iphonesimulator*]" = YES;
				"INFOPLIST_KEY_UIStatusBarStyle[sdk=iphoneos*]" = UIStatusBarStyleDefault;
				"INFOPLIST_KEY_UIStatusBarStyle[sdk=iphonesimulator*]" = UIStatusBarStyleDefault;
				INFOPLIST_KEY_UISupportedInterfaceOrientations_iPad = "UIInterfaceOrientationPortrait UIInterfaceOrientationPortraitUpsideDown UIInterfaceOrientationLandscapeLeft UIInterfaceOrientationLandscapeRight";
				INFOPLIST_KEY_UISupportedInterfaceOrientations_iPhone = "UIInterfaceOrientationPortrait UIInterfaceOrientationLandscapeLeft UIInterfaceOrientationLandscapeRight";
				IPHONEOS_DEPLOYMENT_TARGET = 17.4;
				LD_RUNPATH_SEARCH_PATHS = "@executable_path/Frameworks";
				"LD_RUNPATH_SEARCH_PATHS[sdk=macosx*]" = "@executable_path/../Frameworks";
				MACOSX_DEPLOYMENT_TARGET = 14.3;
				MARKETING_VERSION = 1.0;
				PRODUCT_BUNDLE_IDENTIFIER = com.onceLabs.HPDemo.HPDemo;
				PRODUCT_NAME = "$(TARGET_NAME)";
				SDKROOT = auto;
				SUPPORTED_PLATFORMS = "iphoneos iphonesimulator macosx";
				SWIFT_EMIT_LOC_STRINGS = YES;
				SWIFT_VERSION = 5.0;
				TARGETED_DEVICE_FAMILY = "1,2";
			};
			name = Debug;
		};
		389E997B2BCEA92C000309B8 /* Release */ = {
			isa = XCBuildConfiguration;
			buildSettings = {
				ASSETCATALOG_COMPILER_APPICON_NAME = AppIcon;
				ASSETCATALOG_COMPILER_GLOBAL_ACCENT_COLOR_NAME = AccentColor;
				CODE_SIGN_ENTITLEMENTS = HPDemo/HPDemo.entitlements;
				CODE_SIGN_STYLE = Automatic;
				CURRENT_PROJECT_VERSION = 1;
				DEVELOPMENT_ASSET_PATHS = "\"HPDemo/Preview Content\"";
				DEVELOPMENT_TEAM = 7NFJS9H6QK;
				ENABLE_HARDENED_RUNTIME = YES;
				ENABLE_PREVIEWS = YES;
				GENERATE_INFOPLIST_FILE = YES;
				INFOPLIST_FILE = HPDemo/Info.plist;
				INFOPLIST_KEY_NSBluetoothAlwaysUsageDescription = "Bluetooth will be used to scan for nearby BLE devices";
				"INFOPLIST_KEY_UIApplicationSceneManifest_Generation[sdk=iphoneos*]" = YES;
				"INFOPLIST_KEY_UIApplicationSceneManifest_Generation[sdk=iphonesimulator*]" = YES;
				"INFOPLIST_KEY_UIApplicationSupportsIndirectInputEvents[sdk=iphoneos*]" = YES;
				"INFOPLIST_KEY_UIApplicationSupportsIndirectInputEvents[sdk=iphonesimulator*]" = YES;
				"INFOPLIST_KEY_UILaunchScreen_Generation[sdk=iphoneos*]" = YES;
				"INFOPLIST_KEY_UILaunchScreen_Generation[sdk=iphonesimulator*]" = YES;
				"INFOPLIST_KEY_UIStatusBarStyle[sdk=iphoneos*]" = UIStatusBarStyleDefault;
				"INFOPLIST_KEY_UIStatusBarStyle[sdk=iphonesimulator*]" = UIStatusBarStyleDefault;
				INFOPLIST_KEY_UISupportedInterfaceOrientations_iPad = "UIInterfaceOrientationPortrait UIInterfaceOrientationPortraitUpsideDown UIInterfaceOrientationLandscapeLeft UIInterfaceOrientationLandscapeRight";
				INFOPLIST_KEY_UISupportedInterfaceOrientations_iPhone = "UIInterfaceOrientationPortrait UIInterfaceOrientationLandscapeLeft UIInterfaceOrientationLandscapeRight";
				IPHONEOS_DEPLOYMENT_TARGET = 17.4;
				LD_RUNPATH_SEARCH_PATHS = "@executable_path/Frameworks";
				"LD_RUNPATH_SEARCH_PATHS[sdk=macosx*]" = "@executable_path/../Frameworks";
				MACOSX_DEPLOYMENT_TARGET = 14.3;
				MARKETING_VERSION = 1.0;
				PRODUCT_BUNDLE_IDENTIFIER = com.onceLabs.HPDemo.HPDemo;
				PRODUCT_NAME = "$(TARGET_NAME)";
				SDKROOT = auto;
				SUPPORTED_PLATFORMS = "iphoneos iphonesimulator macosx";
				SWIFT_EMIT_LOC_STRINGS = YES;
				SWIFT_VERSION = 5.0;
				TARGETED_DEVICE_FAMILY = "1,2";
			};
			name = Release;
		};
		389E997D2BCEA92C000309B8 /* Debug */ = {
			isa = XCBuildConfiguration;
			buildSettings = {
				ALWAYS_EMBED_SWIFT_STANDARD_LIBRARIES = YES;
				BUNDLE_LOADER = "$(TEST_HOST)";
				CODE_SIGN_STYLE = Automatic;
				CURRENT_PROJECT_VERSION = 1;
				DEVELOPMENT_TEAM = 7NFJS9H6QK;
				GENERATE_INFOPLIST_FILE = YES;
				IPHONEOS_DEPLOYMENT_TARGET = 17.4;
				MACOSX_DEPLOYMENT_TARGET = 14.3;
				MARKETING_VERSION = 1.0;
				PRODUCT_BUNDLE_IDENTIFIER = com.onceLabs.HPDemo.HPDemoTests;
				PRODUCT_NAME = "$(TARGET_NAME)";
				SDKROOT = auto;
				SUPPORTED_PLATFORMS = "iphoneos iphonesimulator macosx";
				SWIFT_EMIT_LOC_STRINGS = NO;
				SWIFT_VERSION = 5.0;
				TARGETED_DEVICE_FAMILY = "1,2";
				TEST_HOST = "$(BUILT_PRODUCTS_DIR)/HPDemo.app/$(BUNDLE_EXECUTABLE_FOLDER_PATH)/HPDemo";
			};
			name = Debug;
		};
		389E997E2BCEA92C000309B8 /* Release */ = {
			isa = XCBuildConfiguration;
			buildSettings = {
				ALWAYS_EMBED_SWIFT_STANDARD_LIBRARIES = YES;
				BUNDLE_LOADER = "$(TEST_HOST)";
				CODE_SIGN_STYLE = Automatic;
				CURRENT_PROJECT_VERSION = 1;
				DEVELOPMENT_TEAM = 7NFJS9H6QK;
				GENERATE_INFOPLIST_FILE = YES;
				IPHONEOS_DEPLOYMENT_TARGET = 17.4;
				MACOSX_DEPLOYMENT_TARGET = 14.3;
				MARKETING_VERSION = 1.0;
				PRODUCT_BUNDLE_IDENTIFIER = com.onceLabs.HPDemo.HPDemoTests;
				PRODUCT_NAME = "$(TARGET_NAME)";
				SDKROOT = auto;
				SUPPORTED_PLATFORMS = "iphoneos iphonesimulator macosx";
				SWIFT_EMIT_LOC_STRINGS = NO;
				SWIFT_VERSION = 5.0;
				TARGETED_DEVICE_FAMILY = "1,2";
				TEST_HOST = "$(BUILT_PRODUCTS_DIR)/HPDemo.app/$(BUNDLE_EXECUTABLE_FOLDER_PATH)/HPDemo";
			};
			name = Release;
		};
		389E99802BCEA92C000309B8 /* Debug */ = {
			isa = XCBuildConfiguration;
			buildSettings = {
				ALWAYS_EMBED_SWIFT_STANDARD_LIBRARIES = YES;
				CODE_SIGN_STYLE = Automatic;
				CURRENT_PROJECT_VERSION = 1;
				DEVELOPMENT_TEAM = 7NFJS9H6QK;
				GENERATE_INFOPLIST_FILE = YES;
				IPHONEOS_DEPLOYMENT_TARGET = 17.4;
				MACOSX_DEPLOYMENT_TARGET = 14.3;
				MARKETING_VERSION = 1.0;
				PRODUCT_BUNDLE_IDENTIFIER = com.onceLabs.HPDemo.HPDemoUITests;
				PRODUCT_NAME = "$(TARGET_NAME)";
				SDKROOT = auto;
				SUPPORTED_PLATFORMS = "iphoneos iphonesimulator macosx";
				SWIFT_EMIT_LOC_STRINGS = NO;
				SWIFT_VERSION = 5.0;
				TARGETED_DEVICE_FAMILY = "1,2";
				TEST_TARGET_NAME = HPDemo;
			};
			name = Debug;
		};
		389E99812BCEA92C000309B8 /* Release */ = {
			isa = XCBuildConfiguration;
			buildSettings = {
				ALWAYS_EMBED_SWIFT_STANDARD_LIBRARIES = YES;
				CODE_SIGN_STYLE = Automatic;
				CURRENT_PROJECT_VERSION = 1;
				DEVELOPMENT_TEAM = 7NFJS9H6QK;
				GENERATE_INFOPLIST_FILE = YES;
				IPHONEOS_DEPLOYMENT_TARGET = 17.4;
				MACOSX_DEPLOYMENT_TARGET = 14.3;
				MARKETING_VERSION = 1.0;
				PRODUCT_BUNDLE_IDENTIFIER = com.onceLabs.HPDemo.HPDemoUITests;
				PRODUCT_NAME = "$(TARGET_NAME)";
				SDKROOT = auto;
				SUPPORTED_PLATFORMS = "iphoneos iphonesimulator macosx";
				SWIFT_EMIT_LOC_STRINGS = NO;
				SWIFT_VERSION = 5.0;
				TARGETED_DEVICE_FAMILY = "1,2";
				TEST_TARGET_NAME = HPDemo;
			};
			name = Release;
		};
/* End XCBuildConfiguration section */

/* Begin XCConfigurationList section */
		389E994F2BCEA92A000309B8 /* Build configuration list for PBXProject "HPDemo" */ = {
			isa = XCConfigurationList;
			buildConfigurations = (
				389E99772BCEA92C000309B8 /* Debug */,
				389E99782BCEA92C000309B8 /* Release */,
			);
			defaultConfigurationIsVisible = 0;
			defaultConfigurationName = Release;
		};
		389E99792BCEA92C000309B8 /* Build configuration list for PBXNativeTarget "HPDemo" */ = {
			isa = XCConfigurationList;
			buildConfigurations = (
				389E997A2BCEA92C000309B8 /* Debug */,
				389E997B2BCEA92C000309B8 /* Release */,
			);
			defaultConfigurationIsVisible = 0;
			defaultConfigurationName = Release;
		};
		389E997C2BCEA92C000309B8 /* Build configuration list for PBXNativeTarget "HPDemoTests" */ = {
			isa = XCConfigurationList;
			buildConfigurations = (
				389E997D2BCEA92C000309B8 /* Debug */,
				389E997E2BCEA92C000309B8 /* Release */,
			);
			defaultConfigurationIsVisible = 0;
			defaultConfigurationName = Release;
		};
		389E997F2BCEA92C000309B8 /* Build configuration list for PBXNativeTarget "HPDemoUITests" */ = {
			isa = XCConfigurationList;
			buildConfigurations = (
				389E99802BCEA92C000309B8 /* Debug */,
				389E99812BCEA92C000309B8 /* Release */,
			);
			defaultConfigurationIsVisible = 0;
			defaultConfigurationName = Release;
		};
/* End XCConfigurationList section */

/* Begin XCRemoteSwiftPackageReference section */
		389E99842BCEAFF4000309B8 /* XCRemoteSwiftPackageReference "Factory" */ = {
			isa = XCRemoteSwiftPackageReference;
			repositoryURL = "https://github.com/hmlongco/Factory";
			requirement = {
				kind = upToNextMajorVersion;
				minimumVersion = 1.3.7;
			};
		};
/* End XCRemoteSwiftPackageReference section */

/* Begin XCSwiftPackageProductDependency section */
		389E99892BCEB0FC000309B8 /* Factory */ = {
			isa = XCSwiftPackageProductDependency;
			package = 389E99842BCEAFF4000309B8 /* XCRemoteSwiftPackageReference "Factory" */;
			productName = Factory;
		};
/* End XCSwiftPackageProductDependency section */
	};
	rootObject = 389E994C2BCEA92A000309B8 /* Project object */;
}
